
Microsoft Visual Studio Solution File, Format Version 12.00
# Visual Studio Version 17
VisualStudioVersion = 17.12.35527.113 d17.12
MinimumVisualStudioVersion = 10.0.40219.1
Project("{FAE04EC0-301F-11D3-BF4B-00C04F79EFBC}") = "chaniyacholi", "chaniyacholi.csproj", "{0F7C7E32-B2B4-4B9D-87D7-E95C6225E25B}"
EndProject
Global
	GlobalSection(SolutionConfigurationPlatforms) = preSolution
		Debug|Any CPU = Debug|Any CPU
		Release|Any CPU = Release|Any CPU
	EndGlobalSection
	GlobalSection(ProjectConfigurationPlatforms) = postSolution
		{0F7C7E32-B2B4-4B9D-87D7-E95C6225E25B}.Debug|Any CPU.ActiveCfg = Debug|Any CPU
		{0F7C7E32-B2B4-4B9D-87D7-E95C6225E25B}.Debug|Any CPU.Build.0 = Debug|Any CPU
		{0F7C7E32-B2B4-4B9D-87D7-E95C6225E25B}.Release|Any CPU.ActiveCfg = Release|Any CPU
		{0F7C7E32-B2B4-4B9D-87D7-E95C6225E25B}.Release|Any CPU.Build.0 = Release|Any CPU
	EndGlobalSection
	GlobalSection(SolutionProperties) = preSolution
		HideSolutionNode = FALSE
	EndGlobalSection
EndGlobal
